
Microsoft Visual Studio Solution File, Format Version 12.00
# Visual Studio Version 16
VisualStudioVersion = 16.0.31911.196
MinimumVisualStudioVersion = 10.0.40219.1
Project("{9A19103F-16F7-4668-BE54-9A1E7A4F7556}") = "MISA.Fresher.Core", "MISA.Fresher.Core\MISA.Fresher.Core.csproj", "{6507C4B9-CE6C-4D02-AA15-112E7546F14C}"
EndProject
Project("{9A19103F-16F7-4668-BE54-9A1E7A4F7556}") = "MISA.Fresher.WebApi", "MISA.Fresher.WebApi\MISA.Fresher.WebApi.csproj", "{40862093-D8B7-48CB-9112-F4F1565D8F90}"
EndProject
Project("{FAE04EC0-301F-11D3-BF4B-00C04F79EFBC}") = "MISA.Fresher.Infrastruture", "MISA.Fresher.Infrastruture\MISA.Fresher.Infrastruture.csproj", "{5D161F28-3675-442D-A627-41708D6880F8}"
EndProject
Global
	GlobalSection(SolutionConfigurationPlatforms) = preSolution
		Debug|Any CPU = Debug|Any CPU
		Release|Any CPU = Release|Any CPU
	EndGlobalSection
	GlobalSection(ProjectConfigurationPlatforms) = postSolution
		{6507C4B9-CE6C-4D02-AA15-112E7546F14C}.Debug|Any CPU.ActiveCfg = Debug|Any CPU
		{6507C4B9-CE6C-4D02-AA15-112E7546F14C}.Debug|Any CPU.Build.0 = Debug|Any CPU
		{6507C4B9-CE6C-4D02-AA15-112E7546F14C}.Release|Any CPU.ActiveCfg = Release|Any CPU
		{6507C4B9-CE6C-4D02-AA15-112E7546F14C}.Release|Any CPU.Build.0 = Release|Any CPU
		{40862093-D8B7-48CB-9112-F4F1565D8F90}.Debug|Any CPU.ActiveCfg = Debug|Any CPU
		{40862093-D8B7-48CB-9112-F4F1565D8F90}.Debug|Any CPU.Build.0 = Debug|Any CPU
		{40862093-D8B7-48CB-9112-F4F1565D8F90}.Release|Any CPU.ActiveCfg = Release|Any CPU
		{40862093-D8B7-48CB-9112-F4F1565D8F90}.Release|Any CPU.Build.0 = Release|Any CPU
		{5D161F28-3675-442D-A627-41708D6880F8}.Debug|Any CPU.ActiveCfg = Debug|Any CPU
		{5D161F28-3675-442D-A627-41708D6880F8}.Debug|Any CPU.Build.0 = Debug|Any CPU
		{5D161F28-3675-442D-A627-41708D6880F8}.Release|Any CPU.ActiveCfg = Release|Any CPU
		{5D161F28-3675-442D-A627-41708D6880F8}.Release|Any CPU.Build.0 = Release|Any CPU
	EndGlobalSection
	GlobalSection(SolutionProperties) = preSolution
		HideSolutionNode = FALSE
	EndGlobalSection
	GlobalSection(ExtensibilityGlobals) = postSolution
		SolutionGuid = {E8FDD5C8-D7A9-43E4-863E-4CDBC7D2ED60}
	EndGlobalSection
EndGlobal
